{
  "originHash" : "b41148d15eb933ddd50f75d8904af0cf28e54438dc6da09af03b15663d06fc14",
  "pins" : [
    {
      "identity" : "litert-lm",
      "kind" : "remoteSourceControl",
      "location" : "https://github.com/google-ai-edge/LiteRT-LM.git",
      "state" : {
        "revision" : "5e58e9a0aef7abf7091207a8b1d1063a1c800f08",
        "version" : "0.17.1"
      }
    }
  ],
  "version" : 3
}
